
Microsoft Visual Studio Solution File, Format Version 12.00
# Visual Studio Version 17
VisualStudioVersion = 17.13.35931.197 d17.13
MinimumVisualStudioVersion = 10.0.40219.1
Project("{FAE04EC0-301F-11D3-BF4B-00C04F79EFBC}") = "Kamil", "Kamil\Kamil.csproj", "{B4815000-462E-4388-A867-CE442F777BB6}"
EndProject
Global
	GlobalSection(SolutionConfigurationPlatforms) = preSolution
		Debug|Any CPU = Debug|Any CPU
		Release|Any CPU = Release|Any CPU
	EndGlobalSection
	GlobalSection(ProjectConfigurationPlatforms) = postSolution
		{B4815000-462E-4388-A867-CE442F777BB6}.Debug|Any CPU.ActiveCfg = Debug|Any CPU
		{B4815000-462E-4388-A867-CE442F777BB6}.Debug|Any CPU.Build.0 = Debug|Any CPU
		{B4815000-462E-4388-A867-CE442F777BB6}.Release|Any CPU.ActiveCfg = Release|Any CPU
		{B4815000-462E-4388-A867-CE442F777BB6}.Release|Any CPU.Build.0 = Release|Any CPU
	EndGlobalSection
	GlobalSection(SolutionProperties) = preSolution
		HideSolutionNode = FALSE
	EndGlobalSection
	GlobalSection(ExtensibilityGlobals) = postSolution
		SolutionGuid = {DACFA485-ED44-4865-BB97-6933B5D33C13}
	EndGlobalSection
EndGlobal
